// !$*UTF8*$!
{
	archiveVersion = 1;
	classes = {
	};
	objectVersion = 63;
	objects = {

/* Begin PBXBuildFile section */
		532476C42C46CD6C00159F9E /* PokedexDataKit.framework in Frameworks */ = {isa = PBXBuildFile; fileRef = 53C2C91A2C44300A00A5ABF5 /* PokedexDataKit.framework */; };
		532476C52C46CD6C00159F9E /* PokedexDataKit.framework in Embed Frameworks */ = {isa = PBXBuildFile; fileRef = 53C2C91A2C44300A00A5ABF5 /* PokedexDataKit.framework */; settings = {ATTRIBUTES = (CodeSignOnCopy, RemoveHeadersOnCopy, ); }; };
		5328EFA62C467D6300B7115C /* PokemonListInteractor.swift in Sources */ = {isa = PBXBuildFile; fileRef = 5328EFA52C467D6300B7115C /* PokemonListInteractor.swift */; };
		5328EFA82C467E0400B7115C /* PokemonListPresenter.swift in Sources */ = {isa = PBXBuildFile; fileRef = 5328EFA72C467E0400B7115C /* PokemonListPresenter.swift */; };
		5328EFAA2C467E2D00B7115C /* PokemonListViewProperties.swift in Sources */ = {isa = PBXBuildFile; fileRef = 5328EFA92C467E2D00B7115C /* PokemonListViewProperties.swift */; };
		5328EFAC2C467F4000B7115C /* BaseViewModifier.swift in Sources */ = {isa = PBXBuildFile; fileRef = 5328EFAB2C467F4000B7115C /* BaseViewModifier.swift */; };
		5328EFAE2C46939500B7115C /* InfoPlist.xcstrings in Resources */ = {isa = PBXBuildFile; fileRef = 5328EFAD2C46939500B7115C /* InfoPlist.xcstrings */; };
		5328EFB12C4698AE00B7115C /* CameraManager.swift in Sources */ = {isa = PBXBuildFile; fileRef = 5328EFB02C4698AE00B7115C /* CameraManager.swift */; };
		5328EFB42C46A24A00B7115C /* PokemonScanView.swift in Sources */ = {isa = PBXBuildFile; fileRef = 5328EFB32C46A24A00B7115C /* PokemonScanView.swift */; };
		5328EFB62C46AA8F00B7115C /* PokemonScanViewProperties.swift in Sources */ = {isa = PBXBuildFile; fileRef = 5328EFB52C46AA8F00B7115C /* PokemonScanViewProperties.swift */; };
		5328EFB82C46AAA500B7115C /* PokemonScanPresenter.swift in Sources */ = {isa = PBXBuildFile; fileRef = 5328EFB72C46AAA500B7115C /* PokemonScanPresenter.swift */; };
		5328EFBA2C46AB9700B7115C /* PokemonScanInteractor.swift in Sources */ = {isa = PBXBuildFile; fileRef = 5328EFB92C46AB9700B7115C /* PokemonScanInteractor.swift */; };
		532A44D12C44447B00F9B660 /* Images.xcassets in Resources */ = {isa = PBXBuildFile; fileRef = 532A44D02C44447B00F9B660 /* Images.xcassets */; };
		532A44E42C448B4A00F9B660 /* Localizable.xcstrings in Resources */ = {isa = PBXBuildFile; fileRef = 532A44E32C448B4A00F9B660 /* Localizable.xcstrings */; };
		532A44E92C450F2900F9B660 /* Types+Color.swift in Sources */ = {isa = PBXBuildFile; fileRef = 532A44E82C450F2900F9B660 /* Types+Color.swift */; };
		53865B5E2C44241900DF80EF /* PokedexApp.swift in Sources */ = {isa = PBXBuildFile; fileRef = 53865B5D2C44241900DF80EF /* PokedexApp.swift */; };
		53865B602C44241900DF80EF /* PokemonListView.swift in Sources */ = {isa = PBXBuildFile; fileRef = 53865B5F2C44241900DF80EF /* PokemonListView.swift */; };
		53865B622C44241B00DF80EF /* Colors.xcassets in Resources */ = {isa = PBXBuildFile; fileRef = 53865B612C44241B00DF80EF /* Colors.xcassets */; };
		53DD10BA2C4515A000EE922E /* Types+Picto.swift in Sources */ = {isa = PBXBuildFile; fileRef = 53DD10B92C45159F00EE922E /* Types+Picto.swift */; };
		53DD10BC2C451D3D00EE922E /* PokemonCell.swift in Sources */ = {isa = PBXBuildFile; fileRef = 53DD10BB2C451D3D00EE922E /* PokemonCell.swift */; };
		53DD10BF2C458B6F00EE922E /* ViewProperties.swift in Sources */ = {isa = PBXBuildFile; fileRef = 53DD10BE2C458B6F00EE922E /* ViewProperties.swift */; };
		53DD10C12C458C1F00EE922E /* Interactor.swift in Sources */ = {isa = PBXBuildFile; fileRef = 53DD10C02C458C1F00EE922E /* Interactor.swift */; };
		53DD10C32C458C3600EE922E /* Presenter.swift in Sources */ = {isa = PBXBuildFile; fileRef = 53DD10C22C458C3600EE922E /* Presenter.swift */; };
/* End PBXBuildFile section */

/* Begin PBXCopyFilesBuildPhase section */
		532476C62C46CD6C00159F9E /* Embed Frameworks */ = {
			isa = PBXCopyFilesBuildPhase;
			buildActionMask = 2147483647;
			dstPath = "";
			dstSubfolderSpec = 10;
			files = (
				532476C52C46CD6C00159F9E /* PokedexDataKit.framework in Embed Frameworks */,
			);
			name = "Embed Frameworks";
			runOnlyForDeploymentPostprocessing = 0;
		};
/* End PBXCopyFilesBuildPhase section */

/* Begin PBXFileReference section */
		5328EFA52C467D6300B7115C /* PokemonListInteractor.swift */ = {isa = PBXFileReference; lastKnownFileType = sourcecode.swift; path = PokemonListInteractor.swift; sourceTree = "<group>"; };
		5328EFA72C467E0400B7115C /* PokemonListPresenter.swift */ = {isa = PBXFileReference; lastKnownFileType = sourcecode.swift; path = PokemonListPresenter.swift; sourceTree = "<group>"; };
		5328EFA92C467E2D00B7115C /* PokemonListViewProperties.swift */ = {isa = PBXFileReference; lastKnownFileType = sourcecode.swift; path = PokemonListViewProperties.swift; sourceTree = "<group>"; };
		5328EFAB2C467F4000B7115C /* BaseViewModifier.swift */ = {isa = PBXFileReference; lastKnownFileType = sourcecode.swift; path = BaseViewModifier.swift; sourceTree = "<group>"; };
		5328EFAD2C46939500B7115C /* InfoPlist.xcstrings */ = {isa = PBXFileReference; lastKnownFileType = text.json.xcstrings; path = InfoPlist.xcstrings; sourceTree = "<group>"; };
		5328EFB02C4698AE00B7115C /* CameraManager.swift */ = {isa = PBXFileReference; lastKnownFileType = sourcecode.swift; path = CameraManager.swift; sourceTree = "<group>"; };
		5328EFB32C46A24A00B7115C /* PokemonScanView.swift */ = {isa = PBXFileReference; lastKnownFileType = sourcecode.swift; path = PokemonScanView.swift; sourceTree = "<group>"; };
		5328EFB52C46AA8F00B7115C /* PokemonScanViewProperties.swift */ = {isa = PBXFileReference; lastKnownFileType = sourcecode.swift; path = PokemonScanViewProperties.swift; sourceTree = "<group>"; };
		5328EFB72C46AAA500B7115C /* PokemonScanPresenter.swift */ = {isa = PBXFileReference; lastKnownFileType = sourcecode.swift; path = PokemonScanPresenter.swift; sourceTree = "<group>"; };
		5328EFB92C46AB9700B7115C /* PokemonScanInteractor.swift */ = {isa = PBXFileReference; lastKnownFileType = sourcecode.swift; path = PokemonScanInteractor.swift; sourceTree = "<group>"; };
		532A44D02C44447B00F9B660 /* Images.xcassets */ = {isa = PBXFileReference; lastKnownFileType = folder.assetcatalog; path = Images.xcassets; sourceTree = "<group>"; };
		532A44E32C448B4A00F9B660 /* Localizable.xcstrings */ = {isa = PBXFileReference; lastKnownFileType = text.json.xcstrings; path = Localizable.xcstrings; sourceTree = "<group>"; };
		532A44E82C450F2900F9B660 /* Types+Color.swift */ = {isa = PBXFileReference; lastKnownFileType = sourcecode.swift; path = "Types+Color.swift"; sourceTree = "<group>"; };
		53865B5A2C44241900DF80EF /* Pokedex.app */ = {isa = PBXFileReference; explicitFileType = wrapper.application; includeInIndex = 0; path = Pokedex.app; sourceTree = BUILT_PRODUCTS_DIR; };
		53865B5D2C44241900DF80EF /* PokedexApp.swift */ = {isa = PBXFileReference; lastKnownFileType = sourcecode.swift; path = PokedexApp.swift; sourceTree = "<group>"; };
		53865B5F2C44241900DF80EF /* PokemonListView.swift */ = {isa = PBXFileReference; lastKnownFileType = sourcecode.swift; path = PokemonListView.swift; sourceTree = "<group>"; };
		53865B612C44241B00DF80EF /* Colors.xcassets */ = {isa = PBXFileReference; lastKnownFileType = folder.assetcatalog; path = Colors.xcassets; sourceTree = "<group>"; };
		53C2C91A2C44300A00A5ABF5 /* PokedexDataKit.framework */ = {isa = PBXFileReference; explicitFileType = wrapper.framework; path = PokedexDataKit.framework; sourceTree = BUILT_PRODUCTS_DIR; };
		53DD10B92C45159F00EE922E /* Types+Picto.swift */ = {isa = PBXFileReference; lastKnownFileType = sourcecode.swift; path = "Types+Picto.swift"; sourceTree = "<group>"; };
		53DD10BB2C451D3D00EE922E /* PokemonCell.swift */ = {isa = PBXFileReference; lastKnownFileType = sourcecode.swift; path = PokemonCell.swift; sourceTree = "<group>"; };
		53DD10BE2C458B6F00EE922E /* ViewProperties.swift */ = {isa = PBXFileReference; lastKnownFileType = sourcecode.swift; path = ViewProperties.swift; sourceTree = "<group>"; };
		53DD10C02C458C1F00EE922E /* Interactor.swift */ = {isa = PBXFileReference; lastKnownFileType = sourcecode.swift; path = Interactor.swift; sourceTree = "<group>"; };
		53DD10C22C458C3600EE922E /* Presenter.swift */ = {isa = PBXFileReference; lastKnownFileType = sourcecode.swift; path = Presenter.swift; sourceTree = "<group>"; };
/* End PBXFileReference section */

/* Begin PBXFrameworksBuildPhase section */
		53865B572C44241900DF80EF /* Frameworks */ = {
			isa = PBXFrameworksBuildPhase;
			buildActionMask = 2147483647;
			files = (
				532476C42C46CD6C00159F9E /* PokedexDataKit.framework in Frameworks */,
			);
			runOnlyForDeploymentPostprocessing = 0;
		};
/* End PBXFrameworksBuildPhase section */

/* Begin PBXGroup section */
		5328EFA22C467D2300B7115C /* Modules */ = {
			isa = PBXGroup;
			children = (
				5328EFA32C467D3000B7115C /* App */,
				5328EFA42C467D3900B7115C /* List */,
				5328EFB22C46A23E00B7115C /* Scan */,
			);
			path = Modules;
			sourceTree = "<group>";
		};
		5328EFA32C467D3000B7115C /* App */ = {
			isa = PBXGroup;
			children = (
				53865B5D2C44241900DF80EF /* PokedexApp.swift */,
			);
			path = App;
			sourceTree = "<group>";
		};
		5328EFA42C467D3900B7115C /* List */ = {
			isa = PBXGroup;
			children = (
				5328EFA92C467E2D00B7115C /* PokemonListViewProperties.swift */,
				5328EFA72C467E0400B7115C /* PokemonListPresenter.swift */,
				5328EFA52C467D6300B7115C /* PokemonListInteractor.swift */,
				53865B5F2C44241900DF80EF /* PokemonListView.swift */,
			);
			path = List;
			sourceTree = "<group>";
		};
		5328EFAF2C46989D00B7115C /* Managers */ = {
			isa = PBXGroup;
			children = (
				5328EFB02C4698AE00B7115C /* CameraManager.swift */,
			);
			path = Managers;
			sourceTree = "<group>";
		};
		5328EFB22C46A23E00B7115C /* Scan */ = {
			isa = PBXGroup;
			children = (
				5328EFB32C46A24A00B7115C /* PokemonScanView.swift */,
				5328EFB52C46AA8F00B7115C /* PokemonScanViewProperties.swift */,
				5328EFB72C46AAA500B7115C /* PokemonScanPresenter.swift */,
				5328EFB92C46AB9700B7115C /* PokemonScanInteractor.swift */,
			);
			path = Scan;
			sourceTree = "<group>";
		};
		532A44D22C44448000F9B660 /* Resources */ = {
			isa = PBXGroup;
			children = (
				53865B612C44241B00DF80EF /* Colors.xcassets */,
				532A44D02C44447B00F9B660 /* Images.xcassets */,
				532A44E32C448B4A00F9B660 /* Localizable.xcstrings */,
				5328EFAD2C46939500B7115C /* InfoPlist.xcstrings */,
			);
			path = Resources;
			sourceTree = "<group>";
		};
		532A44E52C450F0100F9B660 /* Helpers */ = {
			isa = PBXGroup;
			children = (
				5328EFAF2C46989D00B7115C /* Managers */,
				53DD10BD2C458B6000EE922E /* Architecture */,
				532A44E62C450F0800F9B660 /* Extensions */,
			);
			path = Helpers;
			sourceTree = "<group>";
		};
		532A44E62C450F0800F9B660 /* Extensions */ = {
			isa = PBXGroup;
			children = (
				532A44E72C450F1400F9B660 /* UI */,
			);
			path = Extensions;
			sourceTree = "<group>";
		};
		532A44E72C450F1400F9B660 /* UI */ = {
			isa = PBXGroup;
			children = (
				532A44EA2C450F2C00F9B660 /* Types */,
			);
			path = UI;
			sourceTree = "<group>";
		};
		532A44EA2C450F2C00F9B660 /* Types */ = {
			isa = PBXGroup;
			children = (
				532A44E82C450F2900F9B660 /* Types+Color.swift */,
				53DD10B92C45159F00EE922E /* Types+Picto.swift */,
			);
			path = Types;
			sourceTree = "<group>";
		};
		53865B512C44241900DF80EF = {
			isa = PBXGroup;
			children = (
				53865B5C2C44241900DF80EF /* Pokedex */,
				53865B5B2C44241900DF80EF /* Products */,
				53C2C9192C44300A00A5ABF5 /* Frameworks */,
			);
			sourceTree = "<group>";
		};
		53865B5B2C44241900DF80EF /* Products */ = {
			isa = PBXGroup;
			children = (
				53865B5A2C44241900DF80EF /* Pokedex.app */,
			);
			name = Products;
			sourceTree = "<group>";
		};
		53865B5C2C44241900DF80EF /* Pokedex */ = {
			isa = PBXGroup;
			children = (
				5328EFA22C467D2300B7115C /* Modules */,
				532A44E52C450F0100F9B660 /* Helpers */,
				532A44D22C44448000F9B660 /* Resources */,
				53DD10BB2C451D3D00EE922E /* PokemonCell.swift */,
			);
			path = Pokedex;
			sourceTree = "<group>";
		};
		53C2C9192C44300A00A5ABF5 /* Frameworks */ = {
			isa = PBXGroup;
			children = (
				53C2C91A2C44300A00A5ABF5 /* PokedexDataKit.framework */,
			);
			name = Frameworks;
			sourceTree = "<group>";
		};
		53DD10BD2C458B6000EE922E /* Architecture */ = {
			isa = PBXGroup;
			children = (
				53DD10BE2C458B6F00EE922E /* ViewProperties.swift */,
				53DD10C02C458C1F00EE922E /* Interactor.swift */,
				53DD10C22C458C3600EE922E /* Presenter.swift */,
				5328EFAB2C467F4000B7115C /* BaseViewModifier.swift */,
			);
			path = Architecture;
			sourceTree = "<group>";
		};
/* End PBXGroup section */

/* Begin PBXNativeTarget section */
		53865B592C44241900DF80EF /* Pokedex */ = {
			isa = PBXNativeTarget;
			buildConfigurationList = 53865B682C44241B00DF80EF /* Build configuration list for PBXNativeTarget "Pokedex" */;
			buildPhases = (
				53865B562C44241900DF80EF /* Sources */,
				53865B572C44241900DF80EF /* Frameworks */,
				53865B582C44241900DF80EF /* Resources */,
				532476C62C46CD6C00159F9E /* Embed Frameworks */,
			);
			buildRules = (
			);
			dependencies = (
			);
			name = Pokedex;
			productName = Pokedex;
			productReference = 53865B5A2C44241900DF80EF /* Pokedex.app */;
			productType = "com.apple.product-type.application";
		};
/* End PBXNativeTarget section */

/* Begin PBXProject section */
		53865B522C44241900DF80EF /* Project object */ = {
			isa = PBXProject;
			attributes = {
				BuildIndependentTargetsInParallel = 1;
				LastSwiftUpdateCheck = 1540;
				LastUpgradeCheck = 1540;
				TargetAttributes = {
					53865B592C44241900DF80EF = {
						CreatedOnToolsVersion = 15.4;
					};
				};
			};
			buildConfigurationList = 53865B552C44241900DF80EF /* Build configuration list for PBXProject "Pokedex" */;
			compatibilityVersion = "Xcode 15.3";
			developmentRegion = en;
			hasScannedForEncodings = 0;
			knownRegions = (
				en,
				Base,
				fr,
			);
			mainGroup = 53865B512C44241900DF80EF;
			productRefGroup = 53865B5B2C44241900DF80EF /* Products */;
			projectDirPath = "";
			projectRoot = "";
			targets = (
				53865B592C44241900DF80EF /* Pokedex */,
			);
		};
/* End PBXProject section */

/* Begin PBXResourcesBuildPhase section */
		53865B582C44241900DF80EF /* Resources */ = {
			isa = PBXResourcesBuildPhase;
			buildActionMask = 2147483647;
			files = (
				53865B622C44241B00DF80EF /* Colors.xcassets in Resources */,
				532A44D12C44447B00F9B660 /* Images.xcassets in Resources */,
				5328EFAE2C46939500B7115C /* InfoPlist.xcstrings in Resources */,
				532A44E42C448B4A00F9B660 /* Localizable.xcstrings in Resources */,
			);
			runOnlyForDeploymentPostprocessing = 0;
		};
/* End PBXResourcesBuildPhase section */

/* Begin PBXSourcesBuildPhase section */
		53865B562C44241900DF80EF /* Sources */ = {
			isa = PBXSourcesBuildPhase;
			buildActionMask = 2147483647;
			files = (
				53DD10BC2C451D3D00EE922E /* PokemonCell.swift in Sources */,
				5328EFB42C46A24A00B7115C /* PokemonScanView.swift in Sources */,
				5328EFB12C4698AE00B7115C /* CameraManager.swift in Sources */,
				5328EFAA2C467E2D00B7115C /* PokemonListViewProperties.swift in Sources */,
				53865B602C44241900DF80EF /* PokemonListView.swift in Sources */,
				53DD10C32C458C3600EE922E /* Presenter.swift in Sources */,
				5328EFA62C467D6300B7115C /* PokemonListInteractor.swift in Sources */,
				5328EFBA2C46AB9700B7115C /* PokemonScanInteractor.swift in Sources */,
				532A44E92C450F2900F9B660 /* Types+Color.swift in Sources */,
				5328EFA82C467E0400B7115C /* PokemonListPresenter.swift in Sources */,
				53865B5E2C44241900DF80EF /* PokedexApp.swift in Sources */,
				53DD10BF2C458B6F00EE922E /* ViewProperties.swift in Sources */,
				5328EFB82C46AAA500B7115C /* PokemonScanPresenter.swift in Sources */,
				53DD10C12C458C1F00EE922E /* Interactor.swift in Sources */,
				5328EFAC2C467F4000B7115C /* BaseViewModifier.swift in Sources */,
				53DD10BA2C4515A000EE922E /* Types+Picto.swift in Sources */,
				5328EFB62C46AA8F00B7115C /* PokemonScanViewProperties.swift in Sources */,
			);
			runOnlyForDeploymentPostprocessing = 0;
		};
/* End PBXSourcesBuildPhase section */

/* Begin XCBuildConfiguration section */
		53865B662C44241B00DF80EF /* Debug */ = {
			isa = XCBuildConfiguration;
			buildSettings = {
				ALWAYS_SEARCH_USER_PATHS = NO;
				ASSETCATALOG_COMPILER_GENERATE_SWIFT_ASSET_SYMBOL_EXTENSIONS = YES;
				CLANG_ANALYZER_NONNULL = YES;
				CLANG_ANALYZER_NUMBER_OBJECT_CONVERSION = YES_AGGRESSIVE;
				CLANG_CXX_LANGUAGE_STANDARD = "gnu++20";
				CLANG_ENABLE_MODULES = YES;
				CLANG_ENABLE_OBJC_ARC = YES;
				CLANG_ENABLE_OBJC_WEAK = YES;
				CLANG_WARN_BLOCK_CAPTURE_AUTORELEASING = YES;
				CLANG_WARN_BOOL_CONVERSION = YES;
				CLANG_WARN_COMMA = YES;
				CLANG_WARN_CONSTANT_CONVERSION = YES;
				CLANG_WARN_DEPRECATED_OBJC_IMPLEMENTATIONS = YES;
				CLANG_WARN_DIRECT_OBJC_ISA_USAGE = YES_ERROR;
				CLANG_WARN_DOCUMENTATION_COMMENTS = YES;
				CLANG_WARN_EMPTY_BODY = YES;
				CLANG_WARN_ENUM_CONVERSION = YES;
				CLANG_WARN_INFINITE_RECURSION = YES;
				CLANG_WARN_INT_CONVERSION = YES;
				CLANG_WARN_NON_LITERAL_NULL_CONVERSION = YES;
				CLANG_WARN_OBJC_IMPLICIT_RETAIN_SELF = YES;
				CLANG_WARN_OBJC_LITERAL_CONVERSION = YES;
				CLANG_WARN_OBJC_ROOT_CLASS = YES_ERROR;
				CLANG_WARN_QUOTED_INCLUDE_IN_FRAMEWORK_HEADER = YES;
				CLANG_WARN_RANGE_LOOP_ANALYSIS = YES;
				CLANG_WARN_STRICT_PROTOTYPES = YES;
				CLANG_WARN_SUSPICIOUS_MOVE = YES;
				CLANG_WARN_UNGUARDED_AVAILABILITY = YES_AGGRESSIVE;
				CLANG_WARN_UNREACHABLE_CODE = YES;
				CLANG_WARN__DUPLICATE_METHOD_MATCH = YES;
				COPY_PHASE_STRIP = NO;
				DEBUG_INFORMATION_FORMAT = dwarf;
				ENABLE_STRICT_OBJC_MSGSEND = YES;
				ENABLE_TESTABILITY = YES;
				ENABLE_USER_SCRIPT_SANDBOXING = YES;
				GCC_C_LANGUAGE_STANDARD = gnu17;
				GCC_DYNAMIC_NO_PIC = NO;
				GCC_NO_COMMON_BLOCKS = YES;
				GCC_OPTIMIZATION_LEVEL = 0;
				GCC_PREPROCESSOR_DEFINITIONS = (
					"DEBUG=1",
					"$(inherited)",
				);
				GCC_WARN_64_TO_32_BIT_CONVERSION = YES;
				GCC_WARN_ABOUT_RETURN_TYPE = YES_ERROR;
				GCC_WARN_UNDECLARED_SELECTOR = YES;
				GCC_WARN_UNINITIALIZED_AUTOS = YES_AGGRESSIVE;
				GCC_WARN_UNUSED_FUNCTION = YES;
				GCC_WARN_UNUSED_VARIABLE = YES;
				IPHONEOS_DEPLOYMENT_TARGET = 17.5;
				LOCALIZATION_PREFERS_STRING_CATALOGS = YES;
				MTL_ENABLE_DEBUG_INFO = INCLUDE_SOURCE;
				MTL_FAST_MATH = YES;
				ONLY_ACTIVE_ARCH = YES;
				SDKROOT = iphoneos;
				SWIFT_ACTIVE_COMPILATION_CONDITIONS = "DEBUG $(inherited)";
				SWIFT_OPTIMIZATION_LEVEL = "-Onone";
			};
			name = Debug;
		};
		53865B672C44241B00DF80EF /* Release */ = {
			isa = XCBuildConfiguration;
			buildSettings = {
				ALWAYS_SEARCH_USER_PATHS = NO;
				ASSETCATALOG_COMPILER_GENERATE_SWIFT_ASSET_SYMBOL_EXTENSIONS = YES;
				CLANG_ANALYZER_NONNULL = YES;
				CLANG_ANALYZER_NUMBER_OBJECT_CONVERSION = YES_AGGRESSIVE;
				CLANG_CXX_LANGUAGE_STANDARD = "gnu++20";
				CLANG_ENABLE_MODULES = YES;
				CLANG_ENABLE_OBJC_ARC = YES;
				CLANG_ENABLE_OBJC_WEAK = YES;
				CLANG_WARN_BLOCK_CAPTURE_AUTORELEASING = YES;
				CLANG_WARN_BOOL_CONVERSION = YES;
				CLANG_WARN_COMMA = YES;
				CLANG_WARN_CONSTANT_CONVERSION = YES;
				CLANG_WARN_DEPRECATED_OBJC_IMPLEMENTATIONS = YES;
				CLANG_WARN_DIRECT_OBJC_ISA_USAGE = YES_ERROR;
				CLANG_WARN_DOCUMENTATION_COMMENTS = YES;
				CLANG_WARN_EMPTY_BODY = YES;
				CLANG_WARN_ENUM_CONVERSION = YES;
				CLANG_WARN_INFINITE_RECURSION = YES;
				CLANG_WARN_INT_CONVERSION = YES;
				CLANG_WARN_NON_LITERAL_NULL_CONVERSION = YES;
				CLANG_WARN_OBJC_IMPLICIT_RETAIN_SELF = YES;
				CLANG_WARN_OBJC_LITERAL_CONVERSION = YES;
				CLANG_WARN_OBJC_ROOT_CLASS = YES_ERROR;
				CLANG_WARN_QUOTED_INCLUDE_IN_FRAMEWORK_HEADER = YES;
				CLANG_WARN_RANGE_LOOP_ANALYSIS = YES;
				CLANG_WARN_STRICT_PROTOTYPES = YES;
				CLANG_WARN_SUSPICIOUS_MOVE = YES;
				CLANG_WARN_UNGUARDED_AVAILABILITY = YES_AGGRESSIVE;
				CLANG_WARN_UNREACHABLE_CODE = YES;
				CLANG_WARN__DUPLICATE_METHOD_MATCH = YES;
				COPY_PHASE_STRIP = NO;
				DEBUG_INFORMATION_FORMAT = "dwarf-with-dsym";
				ENABLE_NS_ASSERTIONS = NO;
				ENABLE_STRICT_OBJC_MSGSEND = YES;
				ENABLE_USER_SCRIPT_SANDBOXING = YES;
				GCC_C_LANGUAGE_STANDARD = gnu17;
				GCC_NO_COMMON_BLOCKS = YES;
				GCC_WARN_64_TO_32_BIT_CONVERSION = YES;
				GCC_WARN_ABOUT_RETURN_TYPE = YES_ERROR;
				GCC_WARN_UNDECLARED_SELECTOR = YES;
				GCC_WARN_UNINITIALIZED_AUTOS = YES_AGGRESSIVE;
				GCC_WARN_UNUSED_FUNCTION = YES;
				GCC_WARN_UNUSED_VARIABLE = YES;
				IPHONEOS_DEPLOYMENT_TARGET = 17.5;
				LOCALIZATION_PREFERS_STRING_CATALOGS = YES;
				MTL_ENABLE_DEBUG_INFO = NO;
				MTL_FAST_MATH = YES;
				SDKROOT = iphoneos;
				SWIFT_COMPILATION_MODE = wholemodule;
				VALIDATE_PRODUCT = YES;
			};
			name = Release;
		};
		53865B692C44241B00DF80EF /* Debug */ = {
			isa = XCBuildConfiguration;
			buildSettings = {
				ASSETCATALOG_COMPILER_APPICON_NAME = AppIcon;
				ASSETCATALOG_COMPILER_GLOBAL_ACCENT_COLOR_NAME = AccentColor;
				CODE_SIGN_STYLE = Automatic;
				CURRENT_PROJECT_VERSION = 1;
				DEVELOPMENT_ASSET_PATHS = "";
				ENABLE_PREVIEWS = YES;
				GENERATE_INFOPLIST_FILE = YES;
				INFOPLIST_KEY_UIApplicationSceneManifest_Generation = YES;
				INFOPLIST_KEY_UIApplicationSupportsIndirectInputEvents = YES;
				INFOPLIST_KEY_UILaunchScreen_Generation = YES;
				INFOPLIST_KEY_UISupportedInterfaceOrientations = UIInterfaceOrientationPortrait;
				INFOPLIST_KEY_UISupportedInterfaceOrientations_iPad = "UIInterfaceOrientationLandscapeLeft UIInterfaceOrientationLandscapeRight UIInterfaceOrientationPortrait UIInterfaceOrientationPortraitUpsideDown";
				IPHONEOS_DEPLOYMENT_TARGET = 16.0;
				LD_RUNPATH_SEARCH_PATHS = (
					"$(inherited)",
					"@executable_path/Frameworks",
				);
				MARKETING_VERSION = 1.0;
				PRODUCT_BUNDLE_IDENTIFIER = thib.lambert.Pokedex;
				PRODUCT_NAME = "$(TARGET_NAME)";
				SUPPORTED_PLATFORMS = "iphoneos iphonesimulator";
				SUPPORTS_MACCATALYST = NO;
				SUPPORTS_MAC_DESIGNED_FOR_IPHONE_IPAD = NO;
				SUPPORTS_XR_DESIGNED_FOR_IPHONE_IPAD = NO;
				SWIFT_EMIT_LOC_STRINGS = YES;
				SWIFT_VERSION = 5.0;
				TARGETED_DEVICE_FAMILY = 1;
			};
			name = Debug;
		};
		53865B6A2C44241B00DF80EF /* Release */ = {
			isa = XCBuildConfiguration;
			buildSettings = {
				ASSETCATALOG_COMPILER_APPICON_NAME = AppIcon;
				ASSETCATALOG_COMPILER_GLOBAL_ACCENT_COLOR_NAME = AccentColor;
				CODE_SIGN_STYLE = Automatic;
				CURRENT_PROJECT_VERSION = 1;
				DEVELOPMENT_ASSET_PATHS = "";
				ENABLE_PREVIEWS = YES;
				GENERATE_INFOPLIST_FILE = YES;
				INFOPLIST_KEY_UIApplicationSceneManifest_Generation = YES;
				INFOPLIST_KEY_UIApplicationSupportsIndirectInputEvents = YES;
				INFOPLIST_KEY_UILaunchScreen_Generation = YES;
				INFOPLIST_KEY_UISupportedInterfaceOrientations = UIInterfaceOrientationPortrait;
				INFOPLIST_KEY_UISupportedInterfaceOrientations_iPad = "UIInterfaceOrientationLandscapeLeft UIInterfaceOrientationLandscapeRight UIInterfaceOrientationPortrait UIInterfaceOrientationPortraitUpsideDown";
				IPHONEOS_DEPLOYMENT_TARGET = 16.0;
				LD_RUNPATH_SEARCH_PATHS = (
					"$(inherited)",
					"@executable_path/Frameworks",
				);
				MARKETING_VERSION = 1.0;
				PRODUCT_BUNDLE_IDENTIFIER = thib.lambert.Pokedex;
				PRODUCT_NAME = "$(TARGET_NAME)";
				SUPPORTED_PLATFORMS = "iphoneos iphonesimulator";
				SUPPORTS_MACCATALYST = NO;
				SUPPORTS_MAC_DESIGNED_FOR_IPHONE_IPAD = NO;
				SUPPORTS_XR_DESIGNED_FOR_IPHONE_IPAD = NO;
				SWIFT_EMIT_LOC_STRINGS = YES;
				SWIFT_VERSION = 5.0;
				TARGETED_DEVICE_FAMILY = 1;
			};
			name = Release;
		};
/* End XCBuildConfiguration section */

/* Begin XCConfigurationList section */
		53865B552C44241900DF80EF /* Build configuration list for PBXProject "Pokedex" */ = {
			isa = XCConfigurationList;
			buildConfigurations = (
				53865B662C44241B00DF80EF /* Debug */,
				53865B672C44241B00DF80EF /* Release */,
			);
			defaultConfigurationIsVisible = 0;
			defaultConfigurationName = Release;
		};
		53865B682C44241B00DF80EF /* Build configuration list for PBXNativeTarget "Pokedex" */ = {
			isa = XCConfigurationList;
			buildConfigurations = (
				53865B692C44241B00DF80EF /* Debug */,
				53865B6A2C44241B00DF80EF /* Release */,
			);
			defaultConfigurationIsVisible = 0;
			defaultConfigurationName = Release;
		};
/* End XCConfigurationList section */
	};
	rootObject = 53865B522C44241900DF80EF /* Project object */;
}
